
Microsoft Visual Studio Solution File, Format Version 12.00
# Visual Studio Version 17
VisualStudioVersion = 17.6.33829.357
MinimumVisualStudioVersion = 10.0.40219.1
Project("{FAE04EC0-301F-11D3-BF4B-00C04F79EFBC}") = "Logbook Web App", "Logbook Web App.csproj", "{65959C0D-84B5-4681-A43B-E925163E54D0}"
EndProject
Global
	GlobalSection(SolutionConfigurationPlatforms) = preSolution
		Debug|Any CPU = Debug|Any CPU
		Release|Any CPU = Release|Any CPU
	EndGlobalSection
	GlobalSection(ProjectConfigurationPlatforms) = postSolution
		{65959C0D-84B5-4681-A43B-E925163E54D0}.Debug|Any CPU.ActiveCfg = Debug|Any CPU
		{65959C0D-84B5-4681-A43B-E925163E54D0}.Debug|Any CPU.Build.0 = Debug|Any CPU
		{65959C0D-84B5-4681-A43B-E925163E54D0}.Release|Any CPU.ActiveCfg = Release|Any CPU
		{65959C0D-84B5-4681-A43B-E925163E54D0}.Release|Any CPU.Build.0 = Release|Any CPU
	EndGlobalSection
	GlobalSection(SolutionProperties) = preSolution
		HideSolutionNode = FALSE
	EndGlobalSection
	GlobalSection(ExtensibilityGlobals) = postSolution
		SolutionGuid = {983B5F88-205B-42CC-9EAD-39C1E35BE42E}
	EndGlobalSection
EndGlobal
